PODS:
  - NVActivityIndicatorView (5.0.1):
    - NVActivityIndicatorView/Base (= 5.0.1)
  - NVActivityIndicatorView/Base (5.0.1)
  - QuickLayout (3.0.0)
  - Realm (5.3.4):
    - Realm/Headers (= 5.3.4)
  - Realm/Headers (5.3.4)
  - RealmSwift (5.3.4):
    - Realm (= 5.3.4)
  - SwiftEntryKit (1.2.3):
    - QuickLayout (= 3.0.0)

DEPENDENCIES:
  - NVActivityIndicatorView
  - RealmSwift
  - SwiftEntryKit (= 1.2.3)

SPEC REPOS:
  trunk:
    - NVActivityIndicatorView
    - QuickLayout
    - Realm
    - RealmSwift
    - SwiftEntryKit

SPEC CHECKSUMS:
  NVActivityIndicatorView: 738e843cb8924e9e4fc3e559d0728031624bf860
  QuickLayout: 07b45a72b10083fee3f095990cfed1c1e7b27f0a
  Realm: 4dd457b6ed025041cf7efe05dae78c027ba842e0
  RealmSwift: 233af88fffe05ed7f9305eecef100d477c0c2c42
  SwiftEntryKit: 340713c2e4a6662c5149629990bf1088bf5f0389

PODFILE CHECKSUM: f7e8004d675da0670ea3a719a18fd09ec3f2e22e

COCOAPODS: 1.8.4
