// !$*UTF8*$!
{
	archiveVersion = 1;
	classes = {
	};
	objectVersion = 50;
	objects = {

/* Begin PBXBuildFile section */
		922D2B10246ACBB400CA6492 /* AppDelegate.swift in Sources */ = {isa = PBXBuildFile; fileRef = 922D2B0F246ACBB400CA6492 /* AppDelegate.swift */; };
		922D2B12246ACBB400CA6492 /* SceneDelegate.swift in Sources */ = {isa = PBXBuildFile; fileRef = 922D2B11246ACBB400CA6492 /* SceneDelegate.swift */; };
		922D2B14246ACBB400CA6492 /* ViewController.swift in Sources */ = {isa = PBXBuildFile; fileRef = 922D2B13246ACBB400CA6492 /* ViewController.swift */; };
		922D2B17246ACBB400CA6492 /* Main.storyboard in Resources */ = {isa = PBXBuildFile; fileRef = 922D2B15246ACBB400CA6492 /* Main.storyboard */; };
		922D2B19246ACBB500CA6492 /* Assets.xcassets in Resources */ = {isa = PBXBuildFile; fileRef = 922D2B18246ACBB500CA6492 /* Assets.xcassets */; };
		922D2B1C246ACBB500CA6492 /* LaunchScreen.storyboard in Resources */ = {isa = PBXBuildFile; fileRef = 922D2B1A246ACBB500CA6492 /* LaunchScreen.storyboard */; };
		922D2B27246ACBB500CA6492 /* I_m_homeTests.swift in Sources */ = {isa = PBXBuildFile; fileRef = 922D2B26246ACBB500CA6492 /* I_m_homeTests.swift */; };
		922D2B32246ACBB500CA6492 /* I_m_homeUITests.swift in Sources */ = {isa = PBXBuildFile; fileRef = 922D2B31246ACBB500CA6492 /* I_m_homeUITests.swift */; };
		92413DA6247AA0CC009B56B7 /* ProfileVC.swift in Sources */ = {isa = PBXBuildFile; fileRef = 92413DA5247AA0CC009B56B7 /* ProfileVC.swift */; };
		924348192477C05A00649D0B /* MainVC.swift in Sources */ = {isa = PBXBuildFile; fileRef = 924348182477C05A00649D0B /* MainVC.swift */; };
		924348222477FAF800649D0B /* ContactsCell.swift in Sources */ = {isa = PBXBuildFile; fileRef = 924348212477FAF800649D0B /* ContactsCell.swift */; };
		924348242478049D00649D0B /* ContactsVC.swift in Sources */ = {isa = PBXBuildFile; fileRef = 924348232478049D00649D0B /* ContactsVC.swift */; };
		924348262478FB0C00649D0B /* RequestVC.swift in Sources */ = {isa = PBXBuildFile; fileRef = 924348252478FB0C00649D0B /* RequestVC.swift */; };
		924B0949247D6BA9002F7267 /* NewContactVC.swift in Sources */ = {isa = PBXBuildFile; fileRef = 924B0948247D6BA9002F7267 /* NewContactVC.swift */; };
		924B094B247D7B74002F7267 /* NewContactCell.swift in Sources */ = {isa = PBXBuildFile; fileRef = 924B094A247D7B74002F7267 /* NewContactCell.swift */; };
		924F9E05246AD2340065056E /* LoginVC.swift in Sources */ = {isa = PBXBuildFile; fileRef = 924F9E04246AD2340065056E /* LoginVC.swift */; };
		9268A11524861376007D75BD /* NavigationViewController.swift in Sources */ = {isa = PBXBuildFile; fileRef = 9268A11424861376007D75BD /* NavigationViewController.swift */; };
		92925C7324751D63000F6500 /* RegistrationVC.swift in Sources */ = {isa = PBXBuildFile; fileRef = 92925C7224751D63000F6500 /* RegistrationVC.swift */; };
		92CD7577247BDA4E00EED562 /* DelayMessageVC.swift in Sources */ = {isa = PBXBuildFile; fileRef = 92CD7576247BDA4E00EED562 /* DelayMessageVC.swift */; };
		92CD7579247BFC5000EED562 /* ProfileContactVC.swift in Sources */ = {isa = PBXBuildFile; fileRef = 92CD7578247BFC5000EED562 /* ProfileContactVC.swift */; };
		92DD21A12478FD2300849AB2 /* RequestCell.swift in Sources */ = {isa = PBXBuildFile; fileRef = 92DD21A02478FD2300849AB2 /* RequestCell.swift */; };
		92DD21A32479495900849AB2 /* SettingsVC.swift in Sources */ = {isa = PBXBuildFile; fileRef = 92DD21A22479495900849AB2 /* SettingsVC.swift */; };
/* End PBXBuildFile section */

/* Begin PBXContainerItemProxy section */
		922D2B23246ACBB500CA6492 /* PBXContainerItemProxy */ = {
			isa = PBXContainerItemProxy;
			containerPortal = 922D2B04246ACBB400CA6492 /* Project object */;
			proxyType = 1;
			remoteGlobalIDString = 922D2B0B246ACBB400CA6492;
			remoteInfo = "I'm home";
		};
		922D2B2E246ACBB500CA6492 /* PBXContainerItemProxy */ = {
			isa = PBXContainerItemProxy;
			containerPortal = 922D2B04246ACBB400CA6492 /* Project object */;
			proxyType = 1;
			remoteGlobalIDString = 922D2B0B246ACBB400CA6492;
			remoteInfo = "I'm home";
		};
/* End PBXContainerItemProxy section */

/* Begin PBXFileReference section */
		922D2B0C246ACBB400CA6492 /* Я дома.app */ = {isa = PBXFileReference; explicitFileType = wrapper.application; includeInIndex = 0; path = "Я дома.app"; sourceTree = BUILT_PRODUCTS_DIR; };
		922D2B0F246ACBB400CA6492 /* AppDelegate.swift */ = {isa = PBXFileReference; lastKnownFileType = sourcecode.swift; path = AppDelegate.swift; sourceTree = "<group>"; };
		922D2B11246ACBB400CA6492 /* SceneDelegate.swift */ = {isa = PBXFileReference; lastKnownFileType = sourcecode.swift; path = SceneDelegate.swift; sourceTree = "<group>"; };
		922D2B13246ACBB400CA6492 /* ViewController.swift */ = {isa = PBXFileReference; lastKnownFileType = sourcecode.swift; path = ViewController.swift; sourceTree = "<group>"; };
		922D2B16246ACBB400CA6492 /* Base */ = {isa = PBXFileReference; lastKnownFileType = file.storyboard; name = Base; path = Base.lproj/Main.storyboard; sourceTree = "<group>"; };
		922D2B18246ACBB500CA6492 /* Assets.xcassets */ = {isa = PBXFileReference; lastKnownFileType = folder.assetcatalog; path = Assets.xcassets; sourceTree = "<group>"; };
		922D2B1B246ACBB500CA6492 /* Base */ = {isa = PBXFileReference; lastKnownFileType = file.storyboard; name = Base; path = Base.lproj/LaunchScreen.storyboard; sourceTree = "<group>"; };
		922D2B1D246ACBB500CA6492 /* Info.plist */ = {isa = PBXFileReference; lastKnownFileType = text.plist.xml; path = Info.plist; sourceTree = "<group>"; };
		922D2B22246ACBB500CA6492 /* I'm homeTests.xctest */ = {isa = PBXFileReference; explicitFileType = wrapper.cfbundle; includeInIndex = 0; path = "I'm homeTests.xctest"; sourceTree = BUILT_PRODUCTS_DIR; };
		922D2B26246ACBB500CA6492 /* I_m_homeTests.swift */ = {isa = PBXFileReference; lastKnownFileType = sourcecode.swift; path = I_m_homeTests.swift; sourceTree = "<group>"; };
		922D2B28246ACBB500CA6492 /* Info.plist */ = {isa = PBXFileReference; lastKnownFileType = text.plist.xml; path = Info.plist; sourceTree = "<group>"; };
		922D2B2D246ACBB500CA6492 /* I'm homeUITests.xctest */ = {isa = PBXFileReference; explicitFileType = wrapper.cfbundle; includeInIndex = 0; path = "I'm homeUITests.xctest"; sourceTree = BUILT_PRODUCTS_DIR; };
		922D2B31246ACBB500CA6492 /* I_m_homeUITests.swift */ = {isa = PBXFileReference; lastKnownFileType = sourcecode.swift; path = I_m_homeUITests.swift; sourceTree = "<group>"; };
		922D2B33246ACBB500CA6492 /* Info.plist */ = {isa = PBXFileReference; lastKnownFileType = text.plist.xml; path = Info.plist; sourceTree = "<group>"; };
		92413DA5247AA0CC009B56B7 /* ProfileVC.swift */ = {isa = PBXFileReference; lastKnownFileType = sourcecode.swift; path = ProfileVC.swift; sourceTree = "<group>"; };
		924348182477C05A00649D0B /* MainVC.swift */ = {isa = PBXFileReference; lastKnownFileType = sourcecode.swift; path = MainVC.swift; sourceTree = "<group>"; };
		924348212477FAF800649D0B /* ContactsCell.swift */ = {isa = PBXFileReference; lastKnownFileType = sourcecode.swift; path = ContactsCell.swift; sourceTree = "<group>"; };
		924348232478049D00649D0B /* ContactsVC.swift */ = {isa = PBXFileReference; lastKnownFileType = sourcecode.swift; path = ContactsVC.swift; sourceTree = "<group>"; };
		924348252478FB0C00649D0B /* RequestVC.swift */ = {isa = PBXFileReference; lastKnownFileType = sourcecode.swift; path = RequestVC.swift; sourceTree = "<group>"; };
		924B0948247D6BA9002F7267 /* NewContactVC.swift */ = {isa = PBXFileReference; lastKnownFileType = sourcecode.swift; path = NewContactVC.swift; sourceTree = "<group>"; };
		924B094A247D7B74002F7267 /* NewContactCell.swift */ = {isa = PBXFileReference; lastKnownFileType = sourcecode.swift; path = NewContactCell.swift; sourceTree = "<group>"; };
		924F9E04246AD2340065056E /* LoginVC.swift */ = {isa = PBXFileReference; lastKnownFileType = sourcecode.swift; path = LoginVC.swift; sourceTree = "<group>"; };
		924F9E08246AF0DD0065056E /* ru */ = {isa = PBXFileReference; lastKnownFileType = text.plist.strings; name = ru; path = ru.lproj/Main.strings; sourceTree = "<group>"; };
		924F9E09246AF0DD0065056E /* ru */ = {isa = PBXFileReference; lastKnownFileType = text.plist.strings; name = ru; path = ru.lproj/LaunchScreen.strings; sourceTree = "<group>"; };
		9268A11424861376007D75BD /* NavigationViewController.swift */ = {isa = PBXFileReference; lastKnownFileType = sourcecode.swift; path = NavigationViewController.swift; sourceTree = "<group>"; };
		92925C7224751D63000F6500 /* RegistrationVC.swift */ = {isa = PBXFileReference; lastKnownFileType = sourcecode.swift; path = RegistrationVC.swift; sourceTree = "<group>"; };
		92CD7576247BDA4E00EED562 /* DelayMessageVC.swift */ = {isa = PBXFileReference; lastKnownFileType = sourcecode.swift; path = DelayMessageVC.swift; sourceTree = "<group>"; };
		92CD7578247BFC5000EED562 /* ProfileContactVC.swift */ = {isa = PBXFileReference; lastKnownFileType = sourcecode.swift; path = ProfileContactVC.swift; sourceTree = "<group>"; };
		92DD21A02478FD2300849AB2 /* RequestCell.swift */ = {isa = PBXFileReference; lastKnownFileType = sourcecode.swift; path = RequestCell.swift; sourceTree = "<group>"; };
		92DD21A22479495900849AB2 /* SettingsVC.swift */ = {isa = PBXFileReference; lastKnownFileType = sourcecode.swift; path = SettingsVC.swift; sourceTree = "<group>"; };
/* End PBXFileReference section */

/* Begin PBXFrameworksBuildPhase section */
		922D2B09246ACBB400CA6492 /* Frameworks */ = {
			isa = PBXFrameworksBuildPhase;
			buildActionMask = 2147483647;
			files = (
			);
			runOnlyForDeploymentPostprocessing = 0;
		};
		922D2B1F246ACBB500CA6492 /* Frameworks */ = {
			isa = PBXFrameworksBuildPhase;
			buildActionMask = 2147483647;
			files = (
			);
			runOnlyForDeploymentPostprocessing = 0;
		};
		922D2B2A246ACBB500CA6492 /* Frameworks */ = {
			isa = PBXFrameworksBuildPhase;
			buildActionMask = 2147483647;
			files = (
			);
			runOnlyForDeploymentPostprocessing = 0;
		};
/* End PBXFrameworksBuildPhase section */

/* Begin PBXGroup section */
		922D2B03246ACBB400CA6492 = {
			isa = PBXGroup;
			children = (
				922D2B0E246ACBB400CA6492 /* I'm home */,
				922D2B25246ACBB500CA6492 /* I'm homeTests */,
				922D2B30246ACBB500CA6492 /* I'm homeUITests */,
				922D2B0D246ACBB400CA6492 /* Products */,
			);
			sourceTree = "<group>";
		};
		922D2B0D246ACBB400CA6492 /* Products */ = {
			isa = PBXGroup;
			children = (
				922D2B0C246ACBB400CA6492 /* Я дома.app */,
				922D2B22246ACBB500CA6492 /* I'm homeTests.xctest */,
				922D2B2D246ACBB500CA6492 /* I'm homeUITests.xctest */,
			);
			name = Products;
			sourceTree = "<group>";
		};
		922D2B0E246ACBB400CA6492 /* I'm home */ = {
			isa = PBXGroup;
			children = (
				92827C3C2484C543000B4318 /* DefaultClasses */,
				9243481C2477D81200649D0B /* Protocols */,
				9243481F2477FAA800649D0B /* Views */,
				922D2B15246ACBB400CA6492 /* Main.storyboard */,
				922D2B1A246ACBB500CA6492 /* LaunchScreen.storyboard */,
				92827C3B2484C525000B4318 /* ViewModels */,
				922D2B18246ACBB500CA6492 /* Assets.xcassets */,
				922D2B1D246ACBB500CA6492 /* Info.plist */,
			);
			path = "I'm home";
			sourceTree = "<group>";
		};
		922D2B25246ACBB500CA6492 /* I'm homeTests */ = {
			isa = PBXGroup;
			children = (
				922D2B26246ACBB500CA6492 /* I_m_homeTests.swift */,
				922D2B28246ACBB500CA6492 /* Info.plist */,
			);
			path = "I'm homeTests";
			sourceTree = "<group>";
		};
		922D2B30246ACBB500CA6492 /* I'm homeUITests */ = {
			isa = PBXGroup;
			children = (
				922D2B31246ACBB500CA6492 /* I_m_homeUITests.swift */,
				922D2B33246ACBB500CA6492 /* Info.plist */,
			);
			path = "I'm homeUITests";
			sourceTree = "<group>";
		};
		9243481A2477D7E800649D0B /* Controllers */ = {
			isa = PBXGroup;
			children = (
				922D2B13246ACBB400CA6492 /* ViewController.swift */,
				924F9E04246AD2340065056E /* LoginVC.swift */,
				92925C7224751D63000F6500 /* RegistrationVC.swift */,
				924348182477C05A00649D0B /* MainVC.swift */,
				924348232478049D00649D0B /* ContactsVC.swift */,
				924348252478FB0C00649D0B /* RequestVC.swift */,
				92DD21A22479495900849AB2 /* SettingsVC.swift */,
				92413DA5247AA0CC009B56B7 /* ProfileVC.swift */,
				92CD7576247BDA4E00EED562 /* DelayMessageVC.swift */,
				92CD7578247BFC5000EED562 /* ProfileContactVC.swift */,
				924B0948247D6BA9002F7267 /* NewContactVC.swift */,
				9268A11424861376007D75BD /* NavigationViewController.swift */,
			);
			path = Controllers;
			sourceTree = "<group>";
		};
		9243481C2477D81200649D0B /* Protocols */ = {
			isa = PBXGroup;
			children = (
			);
			path = Protocols;
			sourceTree = "<group>";
		};
		9243481F2477FAA800649D0B /* Views */ = {
			isa = PBXGroup;
			children = (
				924348202477FAB700649D0B /* CustomCell */,
				9243481A2477D7E800649D0B /* Controllers */,
			);
			path = Views;
			sourceTree = "<group>";
		};
		924348202477FAB700649D0B /* CustomCell */ = {
			isa = PBXGroup;
			children = (
				924348212477FAF800649D0B /* ContactsCell.swift */,
				92DD21A02478FD2300849AB2 /* RequestCell.swift */,
				924B094A247D7B74002F7267 /* NewContactCell.swift */,
			);
			path = CustomCell;
			sourceTree = "<group>";
		};
		92827C3B2484C525000B4318 /* ViewModels */ = {
			isa = PBXGroup;
			children = (
			);
			path = ViewModels;
			sourceTree = "<group>";
		};
		92827C3C2484C543000B4318 /* DefaultClasses */ = {
			isa = PBXGroup;
			children = (
				922D2B0F246ACBB400CA6492 /* AppDelegate.swift */,
				922D2B11246ACBB400CA6492 /* SceneDelegate.swift */,
			);
			path = DefaultClasses;
			sourceTree = "<group>";
		};
/* End PBXGroup section */

/* Begin PBXNativeTarget section */
		922D2B0B246ACBB400CA6492 /* I'm home */ = {
			isa = PBXNativeTarget;
			buildConfigurationList = 922D2B36246ACBB500CA6492 /* Build configuration list for PBXNativeTarget "I'm home" */;
			buildPhases = (
				922D2B08246ACBB400CA6492 /* Sources */,
				922D2B09246ACBB400CA6492 /* Frameworks */,
				922D2B0A246ACBB400CA6492 /* Resources */,
			);
			buildRules = (
			);
			dependencies = (
			);
			name = "I'm home";
			productName = "I'm home";
			productReference = 922D2B0C246ACBB400CA6492 /* Я дома.app */;
			productType = "com.apple.product-type.application";
		};
		922D2B21246ACBB500CA6492 /* I'm homeTests */ = {
			isa = PBXNativeTarget;
			buildConfigurationList = 922D2B39246ACBB500CA6492 /* Build configuration list for PBXNativeTarget "I'm homeTests" */;
			buildPhases = (
				922D2B1E246ACBB500CA6492 /* Sources */,
				922D2B1F246ACBB500CA6492 /* Frameworks */,
				922D2B20246ACBB500CA6492 /* Resources */,
			);
			buildRules = (
			);
			dependencies = (
				922D2B24246ACBB500CA6492 /* PBXTargetDependency */,
			);
			name = "I'm homeTests";
			productName = "I'm homeTests";
			productReference = 922D2B22246ACBB500CA6492 /* I'm homeTests.xctest */;
			productType = "com.apple.product-type.bundle.unit-test";
		};
		922D2B2C246ACBB500CA6492 /* I'm homeUITests */ = {
			isa = PBXNativeTarget;
			buildConfigurationList = 922D2B3C246ACBB500CA6492 /* Build configuration list for PBXNativeTarget "I'm homeUITests" */;
			buildPhases = (
				922D2B29246ACBB500CA6492 /* Sources */,
				922D2B2A246ACBB500CA6492 /* Frameworks */,
				922D2B2B246ACBB500CA6492 /* Resources */,
			);
			buildRules = (
			);
			dependencies = (
				922D2B2F246ACBB500CA6492 /* PBXTargetDependency */,
			);
			name = "I'm homeUITests";
			productName = "I'm homeUITests";
			productReference = 922D2B2D246ACBB500CA6492 /* I'm homeUITests.xctest */;
			productType = "com.apple.product-type.bundle.ui-testing";
		};
/* End PBXNativeTarget section */

/* Begin PBXProject section */
		922D2B04246ACBB400CA6492 /* Project object */ = {
			isa = PBXProject;
			attributes = {
				LastSwiftUpdateCheck = 1140;
				LastUpgradeCheck = 1140;
				ORGANIZATIONNAME = "Денис Винокуров";
				TargetAttributes = {
					922D2B0B246ACBB400CA6492 = {
						CreatedOnToolsVersion = 11.4.1;
					};
					922D2B21246ACBB500CA6492 = {
						CreatedOnToolsVersion = 11.4.1;
						TestTargetID = 922D2B0B246ACBB400CA6492;
					};
					922D2B2C246ACBB500CA6492 = {
						CreatedOnToolsVersion = 11.4.1;
						TestTargetID = 922D2B0B246ACBB400CA6492;
					};
				};
			};
			buildConfigurationList = 922D2B07246ACBB400CA6492 /* Build configuration list for PBXProject "I'm home" */;
			compatibilityVersion = "Xcode 9.3";
			developmentRegion = en;
			hasScannedForEncodings = 0;
			knownRegions = (
				en,
				Base,
				ru,
			);
			mainGroup = 922D2B03246ACBB400CA6492;
			productRefGroup = 922D2B0D246ACBB400CA6492 /* Products */;
			projectDirPath = "";
			projectRoot = "";
			targets = (
				922D2B0B246ACBB400CA6492 /* I'm home */,
				922D2B21246ACBB500CA6492 /* I'm homeTests */,
				922D2B2C246ACBB500CA6492 /* I'm homeUITests */,
			);
		};
/* End PBXProject section */

/* Begin PBXResourcesBuildPhase section */
		922D2B0A246ACBB400CA6492 /* Resources */ = {
			isa = PBXResourcesBuildPhase;
			buildActionMask = 2147483647;
			files = (
				922D2B1C246ACBB500CA6492 /* LaunchScreen.storyboard in Resources */,
				922D2B19246ACBB500CA6492 /* Assets.xcassets in Resources */,
				922D2B17246ACBB400CA6492 /* Main.storyboard in Resources */,
			);
			runOnlyForDeploymentPostprocessing = 0;
		};
		922D2B20246ACBB500CA6492 /* Resources */ = {
			isa = PBXResourcesBuildPhase;
			buildActionMask = 2147483647;
			files = (
			);
			runOnlyForDeploymentPostprocessing = 0;
		};
		922D2B2B246ACBB500CA6492 /* Resources */ = {
			isa = PBXResourcesBuildPhase;
			buildActionMask = 2147483647;
			files = (
			);
			runOnlyForDeploymentPostprocessing = 0;
		};
/* End PBXResourcesBuildPhase section */

/* Begin PBXSourcesBuildPhase section */
		922D2B08246ACBB400CA6492 /* Sources */ = {
			isa = PBXSourcesBuildPhase;
			buildActionMask = 2147483647;
			files = (
				92413DA6247AA0CC009B56B7 /* ProfileVC.swift in Sources */,
				92CD7577247BDA4E00EED562 /* DelayMessageVC.swift in Sources */,
				92DD21A32479495900849AB2 /* SettingsVC.swift in Sources */,
				9268A11524861376007D75BD /* NavigationViewController.swift in Sources */,
				922D2B14246ACBB400CA6492 /* ViewController.swift in Sources */,
				924348192477C05A00649D0B /* MainVC.swift in Sources */,
				924B094B247D7B74002F7267 /* NewContactCell.swift in Sources */,
				924348262478FB0C00649D0B /* RequestVC.swift in Sources */,
				922D2B10246ACBB400CA6492 /* AppDelegate.swift in Sources */,
				924B0949247D6BA9002F7267 /* NewContactVC.swift in Sources */,
				924348242478049D00649D0B /* ContactsVC.swift in Sources */,
				924F9E05246AD2340065056E /* LoginVC.swift in Sources */,
				924348222477FAF800649D0B /* ContactsCell.swift in Sources */,
				92DD21A12478FD2300849AB2 /* RequestCell.swift in Sources */,
				92CD7579247BFC5000EED562 /* ProfileContactVC.swift in Sources */,
				92925C7324751D63000F6500 /* RegistrationVC.swift in Sources */,
				922D2B12246ACBB400CA6492 /* SceneDelegate.swift in Sources */,
			);
			runOnlyForDeploymentPostprocessing = 0;
		};
		922D2B1E246ACBB500CA6492 /* Sources */ = {
			isa = PBXSourcesBuildPhase;
			buildActionMask = 2147483647;
			files = (
				922D2B27246ACBB500CA6492 /* I_m_homeTests.swift in Sources */,
			);
			runOnlyForDeploymentPostprocessing = 0;
		};
		922D2B29246ACBB500CA6492 /* Sources */ = {
			isa = PBXSourcesBuildPhase;
			buildActionMask = 2147483647;
			files = (
				922D2B32246ACBB500CA6492 /* I_m_homeUITests.swift in Sources */,
			);
			runOnlyForDeploymentPostprocessing = 0;
		};
/* End PBXSourcesBuildPhase section */

/* Begin PBXTargetDependency section */
		922D2B24246ACBB500CA6492 /* PBXTargetDependency */ = {
			isa = PBXTargetDependency;
			target = 922D2B0B246ACBB400CA6492 /* I'm home */;
			targetProxy = 922D2B23246ACBB500CA6492 /* PBXContainerItemProxy */;
		};
		922D2B2F246ACBB500CA6492 /* PBXTargetDependency */ = {
			isa = PBXTargetDependency;
			target = 922D2B0B246ACBB400CA6492 /* I'm home */;
			targetProxy = 922D2B2E246ACBB500CA6492 /* PBXContainerItemProxy */;
		};
/* End PBXTargetDependency section */

/* Begin PBXVariantGroup section */
		922D2B15246ACBB400CA6492 /* Main.storyboard */ = {
			isa = PBXVariantGroup;
			children = (
				922D2B16246ACBB400CA6492 /* Base */,
				924F9E08246AF0DD0065056E /* ru */,
			);
			name = Main.storyboard;
			sourceTree = "<group>";
		};
		922D2B1A246ACBB500CA6492 /* LaunchScreen.storyboard */ = {
			isa = PBXVariantGroup;
			children = (
				922D2B1B246ACBB500CA6492 /* Base */,
				924F9E09246AF0DD0065056E /* ru */,
			);
			name = LaunchScreen.storyboard;
			sourceTree = "<group>";
		};
/* End PBXVariantGroup section */

/* Begin XCBuildConfiguration section */
		922D2B34246ACBB500CA6492 /* Debug */ = {
			isa = XCBuildConfiguration;
			buildSettings = {
				ALWAYS_SEARCH_USER_PATHS = NO;
				CLANG_ANALYZER_LOCALIZABILITY_NONLOCALIZED = YES;
				CLANG_ANALYZER_NONNULL = YES;
				CLANG_ANALYZER_NUMBER_OBJECT_CONVERSION = YES_AGGRESSIVE;
				CLANG_CXX_LANGUAGE_STANDARD = "gnu++14";
				CLANG_CXX_LIBRARY = "libc++";
				CLANG_ENABLE_MODULES = YES;
				CLANG_ENABLE_OBJC_ARC = YES;
				CLANG_ENABLE_OBJC_WEAK = YES;
				CLANG_WARN_BLOCK_CAPTURE_AUTORELEASING = YES;
				CLANG_WARN_BOOL_CONVERSION = YES;
				CLANG_WARN_COMMA = YES;
				CLANG_WARN_CONSTANT_CONVERSION = YES;
				CLANG_WARN_DEPRECATED_OBJC_IMPLEMENTATIONS = YES;
				CLANG_WARN_DIRECT_OBJC_ISA_USAGE = YES_ERROR;
				CLANG_WARN_DOCUMENTATION_COMMENTS = YES;
				CLANG_WARN_EMPTY_BODY = YES;
				CLANG_WARN_ENUM_CONVERSION = YES;
				CLANG_WARN_INFINITE_RECURSION = YES;
				CLANG_WARN_INT_CONVERSION = YES;
				CLANG_WARN_NON_LITERAL_NULL_CONVERSION = YES;
				CLANG_WARN_OBJC_IMPLICIT_RETAIN_SELF = YES;
				CLANG_WARN_OBJC_LITERAL_CONVERSION = YES;
				CLANG_WARN_OBJC_ROOT_CLASS = YES_ERROR;
				CLANG_WARN_RANGE_LOOP_ANALYSIS = YES;
				CLANG_WARN_STRICT_PROTOTYPES = YES;
				CLANG_WARN_SUSPICIOUS_MOVE = YES;
				CLANG_WARN_UNGUARDED_AVAILABILITY = YES_AGGRESSIVE;
				CLANG_WARN_UNREACHABLE_CODE = YES;
				CLANG_WARN__DUPLICATE_METHOD_MATCH = YES;
				COPY_PHASE_STRIP = NO;
				DEBUG_INFORMATION_FORMAT = dwarf;
				ENABLE_STRICT_OBJC_MSGSEND = YES;
				ENABLE_TESTABILITY = YES;
				GCC_C_LANGUAGE_STANDARD = gnu11;
				GCC_DYNAMIC_NO_PIC = NO;
				GCC_NO_COMMON_BLOCKS = YES;
				GCC_OPTIMIZATION_LEVEL = 0;
				GCC_PREPROCESSOR_DEFINITIONS = (
					"DEBUG=1",
					"$(inherited)",
				);
				GCC_WARN_64_TO_32_BIT_CONVERSION = YES;
				GCC_WARN_ABOUT_RETURN_TYPE = YES_ERROR;
				GCC_WARN_UNDECLARED_SELECTOR = YES;
				GCC_WARN_UNINITIALIZED_AUTOS = YES_AGGRESSIVE;
				GCC_WARN_UNUSED_FUNCTION = YES;
				GCC_WARN_UNUSED_VARIABLE = YES;
				IPHONEOS_DEPLOYMENT_TARGET = 13.4;
				MTL_ENABLE_DEBUG_INFO = INCLUDE_SOURCE;
				MTL_FAST_MATH = YES;
				ONLY_ACTIVE_ARCH = YES;
				SDKROOT = iphoneos;
				SWIFT_ACTIVE_COMPILATION_CONDITIONS = DEBUG;
				SWIFT_OPTIMIZATION_LEVEL = "-Onone";
			};
			name = Debug;
		};
		922D2B35246ACBB500CA6492 /* Release */ = {
			isa = XCBuildConfiguration;
			buildSettings = {
				ALWAYS_SEARCH_USER_PATHS = NO;
				CLANG_ANALYZER_LOCALIZABILITY_NONLOCALIZED = YES;
				CLANG_ANALYZER_NONNULL = YES;
				CLANG_ANALYZER_NUMBER_OBJECT_CONVERSION = YES_AGGRESSIVE;
				CLANG_CXX_LANGUAGE_STANDARD = "gnu++14";
				CLANG_CXX_LIBRARY = "libc++";
				CLANG_ENABLE_MODULES = YES;
				CLANG_ENABLE_OBJC_ARC = YES;
				CLANG_ENABLE_OBJC_WEAK = YES;
				CLANG_WARN_BLOCK_CAPTURE_AUTORELEASING = YES;
				CLANG_WARN_BOOL_CONVERSION = YES;
				CLANG_WARN_COMMA = YES;
				CLANG_WARN_CONSTANT_CONVERSION = YES;
				CLANG_WARN_DEPRECATED_OBJC_IMPLEMENTATIONS = YES;
				CLANG_WARN_DIRECT_OBJC_ISA_USAGE = YES_ERROR;
				CLANG_WARN_DOCUMENTATION_COMMENTS = YES;
				CLANG_WARN_EMPTY_BODY = YES;
				CLANG_WARN_ENUM_CONVERSION = YES;
				CLANG_WARN_INFINITE_RECURSION = YES;
				CLANG_WARN_INT_CONVERSION = YES;
				CLANG_WARN_NON_LITERAL_NULL_CONVERSION = YES;
				CLANG_WARN_OBJC_IMPLICIT_RETAIN_SELF = YES;
				CLANG_WARN_OBJC_LITERAL_CONVERSION = YES;
				CLANG_WARN_OBJC_ROOT_CLASS = YES_ERROR;
				CLANG_WARN_RANGE_LOOP_ANALYSIS = YES;
				CLANG_WARN_STRICT_PROTOTYPES = YES;
				CLANG_WARN_SUSPICIOUS_MOVE = YES;
				CLANG_WARN_UNGUARDED_AVAILABILITY = YES_AGGRESSIVE;
				CLANG_WARN_UNREACHABLE_CODE = YES;
				CLANG_WARN__DUPLICATE_METHOD_MATCH = YES;
				COPY_PHASE_STRIP = NO;
				DEBUG_INFORMATION_FORMAT = "dwarf-with-dsym";
				ENABLE_NS_ASSERTIONS = NO;
				ENABLE_STRICT_OBJC_MSGSEND = YES;
				GCC_C_LANGUAGE_STANDARD = gnu11;
				GCC_NO_COMMON_BLOCKS = YES;
				GCC_WARN_64_TO_32_BIT_CONVERSION = YES;
				GCC_WARN_ABOUT_RETURN_TYPE = YES_ERROR;
				GCC_WARN_UNDECLARED_SELECTOR = YES;
				GCC_WARN_UNINITIALIZED_AUTOS = YES_AGGRESSIVE;
				GCC_WARN_UNUSED_FUNCTION = YES;
				GCC_WARN_UNUSED_VARIABLE = YES;
				IPHONEOS_DEPLOYMENT_TARGET = 13.4;
				MTL_ENABLE_DEBUG_INFO = NO;
				MTL_FAST_MATH = YES;
				SDKROOT = iphoneos;
				SWIFT_COMPILATION_MODE = wholemodule;
				SWIFT_OPTIMIZATION_LEVEL = "-O";
				VALIDATE_PRODUCT = YES;
			};
			name = Release;
		};
		922D2B37246ACBB500CA6492 /* Debug */ = {
			isa = XCBuildConfiguration;
			buildSettings = {
				ASSETCATALOG_COMPILER_APPICON_NAME = AppIcon;
				CODE_SIGN_STYLE = Automatic;
				DEVELOPMENT_TEAM = AWN3QD4X7Y;
				INFOPLIST_FILE = "I'm home/Info.plist";
				LD_RUNPATH_SEARCH_PATHS = (
					"$(inherited)",
					"@executable_path/Frameworks",
				);
				PRODUCT_BUNDLE_IDENTIFIER = "denis.I-m-home";
				PRODUCT_NAME = "Я дома";
				SWIFT_VERSION = 5.0;
				TARGETED_DEVICE_FAMILY = 1;
			};
			name = Debug;
		};
		922D2B38246ACBB500CA6492 /* Release */ = {
			isa = XCBuildConfiguration;
			buildSettings = {
				ASSETCATALOG_COMPILER_APPICON_NAME = AppIcon;
				CODE_SIGN_STYLE = Automatic;
				DEVELOPMENT_TEAM = AWN3QD4X7Y;
				INFOPLIST_FILE = "I'm home/Info.plist";
				LD_RUNPATH_SEARCH_PATHS = (
					"$(inherited)",
					"@executable_path/Frameworks",
				);
				PRODUCT_BUNDLE_IDENTIFIER = "denis.I-m-home";
				PRODUCT_NAME = "Я дома";
				SWIFT_VERSION = 5.0;
				TARGETED_DEVICE_FAMILY = 1;
			};
			name = Release;
		};
		922D2B3A246ACBB500CA6492 /* Debug */ = {
			isa = XCBuildConfiguration;
			buildSettings = {
				ALWAYS_EMBED_SWIFT_STANDARD_LIBRARIES = YES;
				BUNDLE_LOADER = "$(TEST_HOST)";
				CODE_SIGN_STYLE = Automatic;
				DEVELOPMENT_TEAM = AWN3QD4X7Y;
				INFOPLIST_FILE = "I'm homeTests/Info.plist";
				IPHONEOS_DEPLOYMENT_TARGET = 13.4;
				LD_RUNPATH_SEARCH_PATHS = (
					"$(inherited)",
					"@executable_path/Frameworks",
					"@loader_path/Frameworks",
				);
				PRODUCT_BUNDLE_IDENTIFIER = "denis.I-m-homeTests";
				PRODUCT_NAME = "$(TARGET_NAME)";
				SWIFT_VERSION = 5.0;
				TARGETED_DEVICE_FAMILY = "1,2";
				TEST_HOST = "$(BUILT_PRODUCTS_DIR)/I'm home.app/I'm home";
			};
			name = Debug;
		};
		922D2B3B246ACBB500CA6492 /* Release */ = {
			isa = XCBuildConfiguration;
			buildSettings = {
				ALWAYS_EMBED_SWIFT_STANDARD_LIBRARIES = YES;
				BUNDLE_LOADER = "$(TEST_HOST)";
				CODE_SIGN_STYLE = Automatic;
				DEVELOPMENT_TEAM = AWN3QD4X7Y;
				INFOPLIST_FILE = "I'm homeTests/Info.plist";
				IPHONEOS_DEPLOYMENT_TARGET = 13.4;
				LD_RUNPATH_SEARCH_PATHS = (
					"$(inherited)",
					"@executable_path/Frameworks",
					"@loader_path/Frameworks",
				);
				PRODUCT_BUNDLE_IDENTIFIER = "denis.I-m-homeTests";
				PRODUCT_NAME = "$(TARGET_NAME)";
				SWIFT_VERSION = 5.0;
				TARGETED_DEVICE_FAMILY = "1,2";
				TEST_HOST = "$(BUILT_PRODUCTS_DIR)/I'm home.app/I'm home";
			};
			name = Release;
		};
		922D2B3D246ACBB500CA6492 /* Debug */ = {
			isa = XCBuildConfiguration;
			buildSettings = {
				ALWAYS_EMBED_SWIFT_STANDARD_LIBRARIES = YES;
				CODE_SIGN_STYLE = Automatic;
				DEVELOPMENT_TEAM = AWN3QD4X7Y;
				INFOPLIST_FILE = "I'm homeUITests/Info.plist";
				LD_RUNPATH_SEARCH_PATHS = (
					"$(inherited)",
					"@executable_path/Frameworks",
					"@loader_path/Frameworks",
				);
				PRODUCT_BUNDLE_IDENTIFIER = "denis.I-m-homeUITests";
				PRODUCT_NAME = "$(TARGET_NAME)";
				SWIFT_VERSION = 5.0;
				TARGETED_DEVICE_FAMILY = "1,2";
				TEST_TARGET_NAME = "I'm home";
			};
			name = Debug;
		};
		922D2B3E246ACBB500CA6492 /* Release */ = {
			isa = XCBuildConfiguration;
			buildSettings = {
				ALWAYS_EMBED_SWIFT_STANDARD_LIBRARIES = YES;
				CODE_SIGN_STYLE = Automatic;
				DEVELOPMENT_TEAM = AWN3QD4X7Y;
				INFOPLIST_FILE = "I'm homeUITests/Info.plist";
				LD_RUNPATH_SEARCH_PATHS = (
					"$(inherited)",
					"@executable_path/Frameworks",
					"@loader_path/Frameworks",
				);
				PRODUCT_BUNDLE_IDENTIFIER = "denis.I-m-homeUITests";
				PRODUCT_NAME = "$(TARGET_NAME)";
				SWIFT_VERSION = 5.0;
				TARGETED_DEVICE_FAMILY = "1,2";
				TEST_TARGET_NAME = "I'm home";
			};
			name = Release;
		};
/* End XCBuildConfiguration section */

/* Begin XCConfigurationList section */
		922D2B07246ACBB400CA6492 /* Build configuration list for PBXProject "I'm home" */ = {
			isa = XCConfigurationList;
			buildConfigurations = (
				922D2B34246ACBB500CA6492 /* Debug */,
				922D2B35246ACBB500CA6492 /* Release */,
			);
			defaultConfigurationIsVisible = 0;
			defaultConfigurationName = Release;
		};
		922D2B36246ACBB500CA6492 /* Build configuration list for PBXNativeTarget "I'm home" */ = {
			isa = XCConfigurationList;
			buildConfigurations = (
				922D2B37246ACBB500CA6492 /* Debug */,
				922D2B38246ACBB500CA6492 /* Release */,
			);
			defaultConfigurationIsVisible = 0;
			defaultConfigurationName = Release;
		};
		922D2B39246ACBB500CA6492 /* Build configuration list for PBXNativeTarget "I'm homeTests" */ = {
			isa = XCConfigurationList;
			buildConfigurations = (
				922D2B3A246ACBB500CA6492 /* Debug */,
				922D2B3B246ACBB500CA6492 /* Release */,
			);
			defaultConfigurationIsVisible = 0;
			defaultConfigurationName = Release;
		};
		922D2B3C246ACBB500CA6492 /* Build configuration list for PBXNativeTarget "I'm homeUITests" */ = {
			isa = XCConfigurationList;
			buildConfigurations = (
				922D2B3D246ACBB500CA6492 /* Debug */,
				922D2B3E246ACBB500CA6492 /* Release */,
			);
			defaultConfigurationIsVisible = 0;
			defaultConfigurationName = Release;
		};
/* End XCConfigurationList section */
	};
	rootObject = 922D2B04246ACBB400CA6492 /* Project object */;
}
